// !$*UTF8*$!
{
	archiveVersion = 1;
	classes = {
	};
	objectVersion = 50;
	objects = {

/* Begin PBXBuildFile section */
		8DF3B95621E3914A00FC2D7E /* AppDelegate.swift in Sources */ = {isa = PBXBuildFile; fileRef = 8DF3B95521E3914A00FC2D7E /* AppDelegate.swift */; };
		8DF3B95821E3914A00FC2D7E /* GameScene.sks in Resources */ = {isa = PBXBuildFile; fileRef = 8DF3B95721E3914A00FC2D7E /* GameScene.sks */; };
		8DF3B95A21E3914A00FC2D7E /* Actions.sks in Resources */ = {isa = PBXBuildFile; fileRef = 8DF3B95921E3914A00FC2D7E /* Actions.sks */; };
		8DF3B95C21E3914A00FC2D7E /* GameScene.swift in Sources */ = {isa = PBXBuildFile; fileRef = 8DF3B95B21E3914A00FC2D7E /* GameScene.swift */; };
		8DF3B95E21E3914A00FC2D7E /* GameViewController.swift in Sources */ = {isa = PBXBuildFile; fileRef = 8DF3B95D21E3914A00FC2D7E /* GameViewController.swift */; };
		8DF3B96121E3914A00FC2D7E /* Main.storyboard in Resources */ = {isa = PBXBuildFile; fileRef = 8DF3B95F21E3914A00FC2D7E /* Main.storyboard */; };
		8DF3B96321E3914E00FC2D7E /* Assets.xcassets in Resources */ = {isa = PBXBuildFile; fileRef = 8DF3B96221E3914E00FC2D7E /* Assets.xcassets */; };
		8DF3B96621E3914E00FC2D7E /* LaunchScreen.storyboard in Resources */ = {isa = PBXBuildFile; fileRef = 8DF3B96421E3914E00FC2D7E /* LaunchScreen.storyboard */; };
		8DF3B97121E3914E00FC2D7E /* ColorSwitchTests.swift in Sources */ = {isa = PBXBuildFile; fileRef = 8DF3B97021E3914E00FC2D7E /* ColorSwitchTests.swift */; };
		8DF3B97C21E3914E00FC2D7E /* ColorSwitchUITests.swift in Sources */ = {isa = PBXBuildFile; fileRef = 8DF3B97B21E3914E00FC2D7E /* ColorSwitchUITests.swift */; };
/* End PBXBuildFile section */

/* Begin PBXContainerItemProxy section */
		8DF3B96D21E3914E00FC2D7E /* PBXContainerItemProxy */ = {
			isa = PBXContainerItemProxy;
			containerPortal = 8DF3B94A21E3914A00FC2D7E /* Project object */;
			proxyType = 1;
			remoteGlobalIDString = 8DF3B95121E3914A00FC2D7E;
			remoteInfo = ColorSwitch;
		};
		8DF3B97821E3914E00FC2D7E /* PBXContainerItemProxy */ = {
			isa = PBXContainerItemProxy;
			containerPortal = 8DF3B94A21E3914A00FC2D7E /* Project object */;
			proxyType = 1;
			remoteGlobalIDString = 8DF3B95121E3914A00FC2D7E;
			remoteInfo = ColorSwitch;
		};
/* End PBXContainerItemProxy section */

/* Begin PBXFileReference section */
		8DF3B95221E3914A00FC2D7E /* ColorSwitch.app */ = {isa = PBXFileReference; explicitFileType = wrapper.application; includeInIndex = 0; path = ColorSwitch.app; sourceTree = BUILT_PRODUCTS_DIR; };
		8DF3B95521E3914A00FC2D7E /* AppDelegate.swift */ = {isa = PBXFileReference; lastKnownFileType = sourcecode.swift; path = AppDelegate.swift; sourceTree = "<group>"; };
		8DF3B95721E3914A00FC2D7E /* GameScene.sks */ = {isa = PBXFileReference; lastKnownFileType = file.sks; path = GameScene.sks; sourceTree = "<group>"; };
		8DF3B95921E3914A00FC2D7E /* Actions.sks */ = {isa = PBXFileReference; lastKnownFileType = file.sks; path = Actions.sks; sourceTree = "<group>"; };
		8DF3B95B21E3914A00FC2D7E /* GameScene.swift */ = {isa = PBXFileReference; lastKnownFileType = sourcecode.swift; path = GameScene.swift; sourceTree = "<group>"; };
		8DF3B95D21E3914A00FC2D7E /* GameViewController.swift */ = {isa = PBXFileReference; lastKnownFileType = sourcecode.swift; path = GameViewController.swift; sourceTree = "<group>"; };
		8DF3B96021E3914A00FC2D7E /* Base */ = {isa = PBXFileReference; lastKnownFileType = file.storyboard; name = Base; path = Base.lproj/Main.storyboard; sourceTree = "<group>"; };
		8DF3B96221E3914E00FC2D7E /* Assets.xcassets */ = {isa = PBXFileReference; lastKnownFileType = folder.assetcatalog; path = Assets.xcassets; sourceTree = "<group>"; };
		8DF3B96521E3914E00FC2D7E /* Base */ = {isa = PBXFileReference; lastKnownFileType = file.storyboard; name = Base; path = Base.lproj/LaunchScreen.storyboard; sourceTree = "<group>"; };
		8DF3B96721E3914E00FC2D7E /* Info.plist */ = {isa = PBXFileReference; lastKnownFileType = text.plist.xml; path = Info.plist; sourceTree = "<group>"; };
		8DF3B96C21E3914E00FC2D7E /* ColorSwitchTests.xctest */ = {isa = PBXFileReference; explicitFileType = wrapper.cfbundle; includeInIndex = 0; path = ColorSwitchTests.xctest; sourceTree = BUILT_PRODUCTS_DIR; };
		8DF3B97021E3914E00FC2D7E /* ColorSwitchTests.swift */ = {isa = PBXFileReference; lastKnownFileType = sourcecode.swift; path = ColorSwitchTests.swift; sourceTree = "<group>"; };
		8DF3B97221E3914E00FC2D7E /* Info.plist */ = {isa = PBXFileReference; lastKnownFileType = text.plist.xml; path = Info.plist; sourceTree = "<group>"; };
		8DF3B97721E3914E00FC2D7E /* ColorSwitchUITests.xctest */ = {isa = PBXFileReference; explicitFileType = wrapper.cfbundle; includeInIndex = 0; path = ColorSwitchUITests.xctest; sourceTree = BUILT_PRODUCTS_DIR; };
		8DF3B97B21E3914E00FC2D7E /* ColorSwitchUITests.swift */ = {isa = PBXFileReference; lastKnownFileType = sourcecode.swift; path = ColorSwitchUITests.swift; sourceTree = "<group>"; };
		8DF3B97D21E3914E00FC2D7E /* Info.plist */ = {isa = PBXFileReference; lastKnownFileType = text.plist.xml; path = Info.plist; sourceTree = "<group>"; };
/* End PBXFileReference section */

/* Begin PBXFrameworksBuildPhase section */
		8DF3B94F21E3914A00FC2D7E /* Frameworks */ = {
			isa = PBXFrameworksBuildPhase;
			buildActionMask = 2147483647;
			files = (
			);
			runOnlyForDeploymentPostprocessing = 0;
		};
		8DF3B96921E3914E00FC2D7E /* Frameworks */ = {
			isa = PBXFrameworksBuildPhase;
			buildActionMask = 2147483647;
			files = (
			);
			runOnlyForDeploymentPostprocessing = 0;
		};
		8DF3B97421E3914E00FC2D7E /* Frameworks */ = {
			isa = PBXFrameworksBuildPhase;
			buildActionMask = 2147483647;
			files = (
			);
			runOnlyForDeploymentPostprocessing = 0;
		};
/* End PBXFrameworksBuildPhase section */

/* Begin PBXGroup section */
		8DF3B94921E3914A00FC2D7E = {
			isa = PBXGroup;
			children = (
				8DF3B95421E3914A00FC2D7E /* ColorSwitch */,
				8DF3B96F21E3914E00FC2D7E /* ColorSwitchTests */,
				8DF3B97A21E3914E00FC2D7E /* ColorSwitchUITests */,
				8DF3B95321E3914A00FC2D7E /* Products */,
			);
			sourceTree = "<group>";
		};
		8DF3B95321E3914A00FC2D7E /* Products */ = {
			isa = PBXGroup;
			children = (
				8DF3B95221E3914A00FC2D7E /* ColorSwitch.app */,
				8DF3B96C21E3914E00FC2D7E /* ColorSwitchTests.xctest */,
				8DF3B97721E3914E00FC2D7E /* ColorSwitchUITests.xctest */,
			);
			name = Products;
			sourceTree = "<group>";
		};
		8DF3B95421E3914A00FC2D7E /* ColorSwitch */ = {
			isa = PBXGroup;
			children = (
				8DF3B95521E3914A00FC2D7E /* AppDelegate.swift */,
				8DF3B95721E3914A00FC2D7E /* GameScene.sks */,
				8DF3B95921E3914A00FC2D7E /* Actions.sks */,
				8DF3B95B21E3914A00FC2D7E /* GameScene.swift */,
				8DF3B95D21E3914A00FC2D7E /* GameViewController.swift */,
				8DF3B95F21E3914A00FC2D7E /* Main.storyboard */,
				8DF3B96221E3914E00FC2D7E /* Assets.xcassets */,
				8DF3B96421E3914E00FC2D7E /* LaunchScreen.storyboard */,
				8DF3B96721E3914E00FC2D7E /* Info.plist */,
			);
			path = ColorSwitch;
			sourceTree = "<group>";
		};
		8DF3B96F21E3914E00FC2D7E /* ColorSwitchTests */ = {
			isa = PBXGroup;
			children = (
				8DF3B97021E3914E00FC2D7E /* ColorSwitchTests.swift */,
				8DF3B97221E3914E00FC2D7E /* Info.plist */,
			);
			path = ColorSwitchTests;
			sourceTree = "<group>";
		};
		8DF3B97A21E3914E00FC2D7E /* ColorSwitchUITests */ = {
			isa = PBXGroup;
			children = (
				8DF3B97B21E3914E00FC2D7E /* ColorSwitchUITests.swift */,
				8DF3B97D21E3914E00FC2D7E /* Info.plist */,
			);
			path = ColorSwitchUITests;
			sourceTree = "<group>";
		};
/* End PBXGroup section */

/* Begin PBXNativeTarget section */
		8DF3B95121E3914A00FC2D7E /* ColorSwitch */ = {
			isa = PBXNativeTarget;
			buildConfigurationList = 8DF3B98021E3914E00FC2D7E /* Build configuration list for PBXNativeTarget "ColorSwitch" */;
			buildPhases = (
				8DF3B94E21E3914A00FC2D7E /* Sources */,
				8DF3B94F21E3914A00FC2D7E /* Frameworks */,
				8DF3B95021E3914A00FC2D7E /* Resources */,
			);
			buildRules = (
			);
			dependencies = (
			);
			name = ColorSwitch;
			productName = ColorSwitch;
			productReference = 8DF3B95221E3914A00FC2D7E /* ColorSwitch.app */;
			productType = "com.apple.product-type.application";
		};
		8DF3B96B21E3914E00FC2D7E /* ColorSwitchTests */ = {
			isa = PBXNativeTarget;
			buildConfigurationList = 8DF3B98321E3914E00FC2D7E /* Build configuration list for PBXNativeTarget "ColorSwitchTests" */;
			buildPhases = (
				8DF3B96821E3914E00FC2D7E /* Sources */,
				8DF3B96921E3914E00FC2D7E /* Frameworks */,
				8DF3B96A21E3914E00FC2D7E /* Resources */,
			);
			buildRules = (
			);
			dependencies = (
				8DF3B96E21E3914E00FC2D7E /* PBXTargetDependency */,
			);
			name = ColorSwitchTests;
			productName = ColorSwitchTests;
			productReference = 8DF3B96C21E3914E00FC2D7E /* ColorSwitchTests.xctest */;
			productType = "com.apple.product-type.bundle.unit-test";
		};
		8DF3B97621E3914E00FC2D7E /* ColorSwitchUITests */ = {
			isa = PBXNativeTarget;
			buildConfigurationList = 8DF3B98621E3914E00FC2D7E /* Build configuration list for PBXNativeTarget "ColorSwitchUITests" */;
			buildPhases = (
				8DF3B97321E3914E00FC2D7E /* Sources */,
				8DF3B97421E3914E00FC2D7E /* Frameworks */,
				8DF3B97521E3914E00FC2D7E /* Resources */,
			);
			buildRules = (
			);
			dependencies = (
				8DF3B97921E3914E00FC2D7E /* PBXTargetDependency */,
			);
			name = ColorSwitchUITests;
			productName = ColorSwitchUITests;
			productReference = 8DF3B97721E3914E00FC2D7E /* ColorSwitchUITests.xctest */;
			productType = "com.apple.product-type.bundle.ui-testing";
		};
/* End PBXNativeTarget section */

/* Begin PBXProject section */
		8DF3B94A21E3914A00FC2D7E /* Project object */ = {
			isa = PBXProject;
			attributes = {
				LastSwiftUpdateCheck = 0940;
				LastUpgradeCheck = 0940;
				ORGANIZATIONNAME = "Eddie Agegnehu Kyrk";
				TargetAttributes = {
					8DF3B95121E3914A00FC2D7E = {
						CreatedOnToolsVersion = 9.4.1;
					};
					8DF3B96B21E3914E00FC2D7E = {
						CreatedOnToolsVersion = 9.4.1;
						TestTargetID = 8DF3B95121E3914A00FC2D7E;
					};
					8DF3B97621E3914E00FC2D7E = {
						CreatedOnToolsVersion = 9.4.1;
						TestTargetID = 8DF3B95121E3914A00FC2D7E;
					};
				};
			};
			buildConfigurationList = 8DF3B94D21E3914A00FC2D7E /* Build configuration list for PBXProject "ColorSwitch" */;
			compatibilityVersion = "Xcode 9.3";
			developmentRegion = en;
			hasScannedForEncodings = 0;
			knownRegions = (
				en,
				Base,
			);
			mainGroup = 8DF3B94921E3914A00FC2D7E;
			productRefGroup = 8DF3B95321E3914A00FC2D7E /* Products */;
			projectDirPath = "";
			projectRoot = "";
			targets = (
				8DF3B95121E3914A00FC2D7E /* ColorSwitch */,
				8DF3B96B21E3914E00FC2D7E /* ColorSwitchTests */,
				8DF3B97621E3914E00FC2D7E /* ColorSwitchUITests */,
			);
		};
/* End PBXProject section */

/* Begin PBXResourcesBuildPhase section */
		8DF3B95021E3914A00FC2D7E /* Resources */ = {
			isa = PBXResourcesBuildPhase;
			buildActionMask = 2147483647;
			files = (
				8DF3B96121E3914A00FC2D7E /* Main.storyboard in Resources */,
				8DF3B95821E3914A00FC2D7E /* GameScene.sks in Resources */,
				8DF3B96321E3914E00FC2D7E /* Assets.xcassets in Resources */,
				8DF3B96621E3914E00FC2D7E /* LaunchScreen.storyboard in Resources */,
				8DF3B95A21E3914A00FC2D7E /* Actions.sks in Resources */,
			);
			runOnlyForDeploymentPostprocessing = 0;
		};
		8DF3B96A21E3914E00FC2D7E /* Resources */ = {
			isa = PBXResourcesBuildPhase;
			buildActionMask = 2147483647;
			files = (
			);
			runOnlyForDeploymentPostprocessing = 0;
		};
		8DF3B97521E3914E00FC2D7E /* Resources */ = {
			isa = PBXResourcesBuildPhase;
			buildActionMask = 2147483647;
			files = (
			);
			runOnlyForDeploymentPostprocessing = 0;
		};
/* End PBXResourcesBuildPhase section */

/* Begin PBXSourcesBuildPhase section */
		8DF3B94E21E3914A00FC2D7E /* Sources */ = {
			isa = PBXSourcesBuildPhase;
			buildActionMask = 2147483647;
			files = (
				8DF3B95C21E3914A00FC2D7E /* GameScene.swift in Sources */,
				8DF3B95E21E3914A00FC2D7E /* GameViewController.swift in Sources */,
				8DF3B95621E3914A00FC2D7E /* AppDelegate.swift in Sources */,
			);
			runOnlyForDeploymentPostprocessing = 0;
		};
		8DF3B96821E3914E00FC2D7E /* Sources */ = {
			isa = PBXSourcesBuildPhase;
			buildActionMask = 2147483647;
			files = (
				8DF3B97121E3914E00FC2D7E /* ColorSwitchTests.swift in Sources */,
			);
			runOnlyForDeploymentPostprocessing = 0;
		};
		8DF3B97321E3914E00FC2D7E /* Sources */ = {
			isa = PBXSourcesBuildPhase;
			buildActionMask = 2147483647;
			files = (
				8DF3B97C21E3914E00FC2D7E /* ColorSwitchUITests.swift in Sources */,
			);
			runOnlyForDeploymentPostprocessing = 0;
		};
/* End PBXSourcesBuildPhase section */

/* Begin PBXTargetDependency section */
		8DF3B96E21E3914E00FC2D7E /* PBXTargetDependency */ = {
			isa = PBXTargetDependency;
			target = 8DF3B95121E3914A00FC2D7E /* ColorSwitch */;
			targetProxy = 8DF3B96D21E3914E00FC2D7E /* PBXContainerItemProxy */;
		};
		8DF3B97921E3914E00FC2D7E /* PBXTargetDependency */ = {
			isa = PBXTargetDependency;
			target = 8DF3B95121E3914A00FC2D7E /* ColorSwitch */;
			targetProxy = 8DF3B97821E3914E00FC2D7E /* PBXContainerItemProxy */;
		};
/* End PBXTargetDependency section */

/* Begin PBXVariantGroup section */
		8DF3B95F21E3914A00FC2D7E /* Main.storyboard */ = {
			isa = PBXVariantGroup;
			children = (
				8DF3B96021E3914A00FC2D7E /* Base */,
			);
			name = Main.storyboard;
			sourceTree = "<group>";
		};
		8DF3B96421E3914E00FC2D7E /* LaunchScreen.storyboard */ = {
			isa = PBXVariantGroup;
			children = (
				8DF3B96521E3914E00FC2D7E /* Base */,
			);
			name = LaunchScreen.storyboard;
			sourceTree = "<group>";
		};
/* End PBXVariantGroup section */

/* Begin XCBuildConfiguration section */
		8DF3B97E21E3914E00FC2D7E /* Debug */ = {
			isa = XCBuildConfiguration;
			buildSettings = {
				ALWAYS_SEARCH_USER_PATHS = NO;
				CLANG_ANALYZER_NONNULL = YES;
				CLANG_ANALYZER_NUMBER_OBJECT_CONVERSION = YES_AGGRESSIVE;
				CLANG_CXX_LANGUAGE_STANDARD = "gnu++14";
				CLANG_CXX_LIBRARY = "libc++";
				CLANG_ENABLE_MODULES = YES;
				CLANG_ENABLE_OBJC_ARC = YES;
				CLANG_ENABLE_OBJC_WEAK = YES;
				CLANG_WARN_BLOCK_CAPTURE_AUTORELEASING = YES;
				CLANG_WARN_BOOL_CONVERSION = YES;
				CLANG_WARN_COMMA = YES;
				CLANG_WARN_CONSTANT_CONVERSION = YES;
				CLANG_WARN_DEPRECATED_OBJC_IMPLEMENTATIONS = YES;
				CLANG_WARN_DIRECT_OBJC_ISA_USAGE = YES_ERROR;
				CLANG_WARN_DOCUMENTATION_COMMENTS = YES;
				CLANG_WARN_EMPTY_BODY = YES;
				CLANG_WARN_ENUM_CONVERSION = YES;
				CLANG_WARN_INFINITE_RECURSION = YES;
				CLANG_WARN_INT_CONVERSION = YES;
				CLANG_WARN_NON_LITERAL_NULL_CONVERSION = YES;
				CLANG_WARN_OBJC_IMPLICIT_RETAIN_SELF = YES;
				CLANG_WARN_OBJC_LITERAL_CONVERSION = YES;
				CLANG_WARN_OBJC_ROOT_CLASS = YES_ERROR;
				CLANG_WARN_RANGE_LOOP_ANALYSIS = YES;
				CLANG_WARN_STRICT_PROTOTYPES = YES;
				CLANG_WARN_SUSPICIOUS_MOVE = YES;
				CLANG_WARN_UNGUARDED_AVAILABILITY = YES_AGGRESSIVE;
				CLANG_WARN_UNREACHABLE_CODE = YES;
				CLANG_WARN__DUPLICATE_METHOD_MATCH = YES;
				CODE_SIGN_IDENTITY = "iPhone Developer";
				COPY_PHASE_STRIP = NO;
				DEBUG_INFORMATION_FORMAT = dwarf;
				ENABLE_STRICT_OBJC_MSGSEND = YES;
				ENABLE_TESTABILITY = YES;
				GCC_C_LANGUAGE_STANDARD = gnu11;
				GCC_DYNAMIC_NO_PIC = NO;
				GCC_NO_COMMON_BLOCKS = YES;
				GCC_OPTIMIZATION_LEVEL = 0;
				GCC_PREPROCESSOR_DEFINITIONS = (
					"DEBUG=1",
					"$(inherited)",
				);
				GCC_WARN_64_TO_32_BIT_CONVERSION = YES;
				GCC_WARN_ABOUT_RETURN_TYPE = YES_ERROR;
				GCC_WARN_UNDECLARED_SELECTOR = YES;
				GCC_WARN_UNINITIALIZED_AUTOS = YES_AGGRESSIVE;
				GCC_WARN_UNUSED_FUNCTION = YES;
				GCC_WARN_UNUSED_VARIABLE = YES;
				IPHONEOS_DEPLOYMENT_TARGET = 11.4;
				MTL_ENABLE_DEBUG_INFO = YES;
				ONLY_ACTIVE_ARCH = YES;
				SDKROOT = iphoneos;
				SWIFT_ACTIVE_COMPILATION_CONDITIONS = DEBUG;
				SWIFT_OPTIMIZATION_LEVEL = "-Onone";
			};
			name = Debug;
		};
		8DF3B97F21E3914E00FC2D7E /* Release */ = {
			isa = XCBuildConfiguration;
			buildSettings = {
				ALWAYS_SEARCH_USER_PATHS = NO;
				CLANG_ANALYZER_NONNULL = YES;
				CLANG_ANALYZER_NUMBER_OBJECT_CONVERSION = YES_AGGRESSIVE;
				CLANG_CXX_LANGUAGE_STANDARD = "gnu++14";
				CLANG_CXX_LIBRARY = "libc++";
				CLANG_ENABLE_MODULES = YES;
				CLANG_ENABLE_OBJC_ARC = YES;
				CLANG_ENABLE_OBJC_WEAK = YES;
				CLANG_WARN_BLOCK_CAPTURE_AUTORELEASING = YES;
				CLANG_WARN_BOOL_CONVERSION = YES;
				CLANG_WARN_COMMA = YES;
				CLANG_WARN_CONSTANT_CONVERSION = YES;
				CLANG_WARN_DEPRECATED_OBJC_IMPLEMENTATIONS = YES;
				CLANG_WARN_DIRECT_OBJC_ISA_USAGE = YES_ERROR;
				CLANG_WARN_DOCUMENTATION_COMMENTS = YES;
				CLANG_WARN_EMPTY_BODY = YES;
				CLANG_WARN_ENUM_CONVERSION = YES;
				CLANG_WARN_INFINITE_RECURSION = YES;
				CLANG_WARN_INT_CONVERSION = YES;
				CLANG_WARN_NON_LITERAL_NULL_CONVERSION = YES;
				CLANG_WARN_OBJC_IMPLICIT_RETAIN_SELF = YES;
				CLANG_WARN_OBJC_LITERAL_CONVERSION = YES;
				CLANG_WARN_OBJC_ROOT_CLASS = YES_ERROR;
				CLANG_WARN_RANGE_LOOP_ANALYSIS = YES;
				CLANG_WARN_STRICT_PROTOTYPES = YES;
				CLANG_WARN_SUSPICIOUS_MOVE = YES;
				CLANG_WARN_UNGUARDED_AVAILABILITY = YES_AGGRESSIVE;
				CLANG_WARN_UNREACHABLE_CODE = YES;
				CLANG_WARN__DUPLICATE_METHOD_MATCH = YES;
				CODE_SIGN_IDENTITY = "iPhone Developer";
				COPY_PHASE_STRIP = NO;
				DEBUG_INFORMATION_FORMAT = "dwarf-with-dsym";
				ENABLE_NS_ASSERTIONS = NO;
				ENABLE_STRICT_OBJC_MSGSEND = YES;
				GCC_C_LANGUAGE_STANDARD = gnu11;
				GCC_NO_COMMON_BLOCKS = YES;
				GCC_WARN_64_TO_32_BIT_CONVERSION = YES;
				GCC_WARN_ABOUT_RETURN_TYPE = YES_ERROR;
				GCC_WARN_UNDECLARED_SELECTOR = YES;
				GCC_WARN_UNINITIALIZED_AUTOS = YES_AGGRESSIVE;
				GCC_WARN_UNUSED_FUNCTION = YES;
				GCC_WARN_UNUSED_VARIABLE = YES;
				IPHONEOS_DEPLOYMENT_TARGET = 11.4;
				MTL_ENABLE_DEBUG_INFO = NO;
				SDKROOT = iphoneos;
				SWIFT_COMPILATION_MODE = wholemodule;
				SWIFT_OPTIMIZATION_LEVEL = "-O";
				VALIDATE_PRODUCT = YES;
			};
			name = Release;
		};
		8DF3B98121E3914E00FC2D7E /* Debug */ = {
			isa = XCBuildConfiguration;
			buildSettings = {
				ASSETCATALOG_COMPILER_APPICON_NAME = AppIcon;
				CODE_SIGN_STYLE = Automatic;
				DEVELOPMENT_TEAM = 96PY758X3W;
				INFOPLIST_FILE = ColorSwitch/Info.plist;
				LD_RUNPATH_SEARCH_PATHS = (
					"$(inherited)",
					"@executable_path/Frameworks",
				);
				PRODUCT_BUNDLE_IDENTIFIER = Eddiebha.ColorSwitch;
				PRODUCT_NAME = "$(TARGET_NAME)";
				SWIFT_VERSION = 4.0;
				TARGETED_DEVICE_FAMILY = "1,2";
			};
			name = Debug;
		};
		8DF3B98221E3914E00FC2D7E /* Release */ = {
			isa = XCBuildConfiguration;
			buildSettings = {
				ASSETCATALOG_COMPILER_APPICON_NAME = AppIcon;
				CODE_SIGN_STYLE = Automatic;
				DEVELOPMENT_TEAM = 96PY758X3W;
				INFOPLIST_FILE = ColorSwitch/Info.plist;
				LD_RUNPATH_SEARCH_PATHS = (
					"$(inherited)",
					"@executable_path/Frameworks",
				);
				PRODUCT_BUNDLE_IDENTIFIER = Eddiebha.ColorSwitch;
				PRODUCT_NAME = "$(TARGET_NAME)";
				SWIFT_VERSION = 4.0;
				TARGETED_DEVICE_FAMILY = "1,2";
			};
			name = Release;
		};
		8DF3B98421E3914E00FC2D7E /* Debug */ = {
			isa = XCBuildConfiguration;
			buildSettings = {
				ALWAYS_EMBED_SWIFT_STANDARD_LIBRARIES = YES;
				BUNDLE_LOADER = "$(TEST_HOST)";
				CODE_SIGN_STYLE = Automatic;
				DEVELOPMENT_TEAM = 96PY758X3W;
				INFOPLIST_FILE = ColorSwitchTests/Info.plist;
				LD_RUNPATH_SEARCH_PATHS = (
					"$(inherited)",
					"@executable_path/Frameworks",
					"@loader_path/Frameworks",
				);
				PRODUCT_BUNDLE_IDENTIFIER = Eddiebha.ColorSwitchTests;
				PRODUCT_NAME = "$(TARGET_NAME)";
				SWIFT_VERSION = 4.0;
				TARGETED_DEVICE_FAMILY = "1,2";
				TEST_HOST = "$(BUILT_PRODUCTS_DIR)/ColorSwitch.app/ColorSwitch";
			};
			name = Debug;
		};
		8DF3B98521E3914E00FC2D7E /* Release */ = {
			isa = XCBuildConfiguration;
			buildSettings = {
				ALWAYS_EMBED_SWIFT_STANDARD_LIBRARIES = YES;
				BUNDLE_LOADER = "$(TEST_HOST)";
				CODE_SIGN_STYLE = Automatic;
				DEVELOPMENT_TEAM = 96PY758X3W;
				INFOPLIST_FILE = ColorSwitchTests/Info.plist;
				LD_RUNPATH_SEARCH_PATHS = (
					"$(inherited)",
					"@executable_path/Frameworks",
					"@loader_path/Frameworks",
				);
				PRODUCT_BUNDLE_IDENTIFIER = Eddiebha.ColorSwitchTests;
				PRODUCT_NAME = "$(TARGET_NAME)";
				SWIFT_VERSION = 4.0;
				TARGETED_DEVICE_FAMILY = "1,2";
				TEST_HOST = "$(BUILT_PRODUCTS_DIR)/ColorSwitch.app/ColorSwitch";
			};
			name = Release;
		};
		8DF3B98721E3914E00FC2D7E /* Debug */ = {
			isa = XCBuildConfiguration;
			buildSettings = {
				ALWAYS_EMBED_SWIFT_STANDARD_LIBRARIES = YES;
				CODE_SIGN_STYLE = Automatic;
				DEVELOPMENT_TEAM = 96PY758X3W;
				INFOPLIST_FILE = ColorSwitchUITests/Info.plist;
				LD_RUNPATH_SEARCH_PATHS = (
					"$(inherited)",
					"@executable_path/Frameworks",
					"@loader_path/Frameworks",
				);
				PRODUCT_BUNDLE_IDENTIFIER = Eddiebha.ColorSwitchUITests;
				PRODUCT_NAME = "$(TARGET_NAME)";
				SWIFT_VERSION = 4.0;
				TARGETED_DEVICE_FAMILY = "1,2";
				TEST_TARGET_NAME = ColorSwitch;
			};
			name = Debug;
		};
		8DF3B98821E3914E00FC2D7E /* Release */ = {
			isa = XCBuildConfiguration;
			buildSettings = {
				ALWAYS_EMBED_SWIFT_STANDARD_LIBRARIES = YES;
				CODE_SIGN_STYLE = Automatic;
				DEVELOPMENT_TEAM = 96PY758X3W;
				INFOPLIST_FILE = ColorSwitchUITests/Info.plist;
				LD_RUNPATH_SEARCH_PATHS = (
					"$(inherited)",
					"@executable_path/Frameworks",
					"@loader_path/Frameworks",
				);
				PRODUCT_BUNDLE_IDENTIFIER = Eddiebha.ColorSwitchUITests;
				PRODUCT_NAME = "$(TARGET_NAME)";
				SWIFT_VERSION = 4.0;
				TARGETED_DEVICE_FAMILY = "1,2";
				TEST_TARGET_NAME = ColorSwitch;
			};
			name = Release;
		};
/* End XCBuildConfiguration section */

/* Begin XCConfigurationList section */
		8DF3B94D21E3914A00FC2D7E /* Build configuration list for PBXProject "ColorSwitch" */ = {
			isa = XCConfigurationList;
			buildConfigurations = (
				8DF3B97E21E3914E00FC2D7E /* Debug */,
				8DF3B97F21E3914E00FC2D7E /* Release */,
			);
			defaultConfigurationIsVisible = 0;
			defaultConfigurationName = Release;
		};
		8DF3B98021E3914E00FC2D7E /* Build configuration list for PBXNativeTarget "ColorSwitch" */ = {
			isa = XCConfigurationList;
			buildConfigurations = (
				8DF3B98121E3914E00FC2D7E /* Debug */,
				8DF3B98221E3914E00FC2D7E /* Release */,
			);
			defaultConfigurationIsVisible = 0;
			defaultConfigurationName = Release;
		};
		8DF3B98321E3914E00FC2D7E /* Build configuration list for PBXNativeTarget "ColorSwitchTests" */ = {
			isa = XCConfigurationList;
			buildConfigurations = (
				8DF3B98421E3914E00FC2D7E /* Debug */,
				8DF3B98521E3914E00FC2D7E /* Release */,
			);
			defaultConfigurationIsVisible = 0;
			defaultConfigurationName = Release;
		};
		8DF3B98621E3914E00FC2D7E /* Build configuration list for PBXNativeTarget "ColorSwitchUITests" */ = {
			isa = XCConfigurationList;
			buildConfigurations = (
				8DF3B98721E3914E00FC2D7E /* Debug */,
				8DF3B98821E3914E00FC2D7E /* Release */,
			);
			defaultConfigurationIsVisible = 0;
			defaultConfigurationName = Release;
		};
/* End XCConfigurationList section */
	};
	rootObject = 8DF3B94A21E3914A00FC2D7E /* Project object */;
}
